
Microsoft Visual Studio Solution File, Format Version 12.00
# Visual Studio Version 16
VisualStudioVersion = 16.0.29728.190
MinimumVisualStudioVersion = 10.0.40219.1
Project("{FAE04EC0-301F-11D3-BF4B-00C04F79EFBC}") = "ContosoCrafts.WebSite", "ContosoCrafts.WebSite\ContosoCrafts.WebSite.csproj", "{0025A3B5-DC64-41E6-B426-73C25634D127}"
EndProject
Global
	GlobalSection(SolutionConfigurationPlatforms) = preSolution
		Debug|Any CPU = Debug|Any CPU
		Release|Any CPU = Release|Any CPU
	EndGlobalSection
	GlobalSection(ProjectConfigurationPlatforms) = postSolution
		{0025A3B5-DC64-41E6-B426-73C25634D127}.Debug|Any CPU.ActiveCfg = Debug|Any CPU
		{0025A3B5-DC64-41E6-B426-73C25634D127}.Debug|Any CPU.Build.0 = Debug|Any CPU
		{0025A3B5-DC64-41E6-B426-73C25634D127}.Release|Any CPU.ActiveCfg = Release|Any CPU
		{0025A3B5-DC64-41E6-B426-73C25634D127}.Release|Any CPU.Build.0 = Release|Any CPU
	EndGlobalSection
	GlobalSection(SolutionProperties) = preSolution
		HideSolutionNode = FALSE
	EndGlobalSection
	GlobalSection(ExtensibilityGlobals) = postSolution
		SolutionGuid = {A52FADB8-1412-4F67-914F-1F88A808E0EB}
	EndGlobalSection
EndGlobal
